
Microsoft Visual Studio Solution File, Format Version 11.00
# Visual Studio 2010
Project("{FAE04EC0-301F-11D3-BF4B-00C04F79EFBC}") = "Office2PDF", "Office2PDF\Office2PDF.csproj", "{E5405061-F2A3-4014-A851-17EEE5ADBB36}"
EndProject
Project("{FAE04EC0-301F-11D3-BF4B-00C04F79EFBC}") = "PDFUtil", "PDFUtil\PDFUtil.csproj", "{83AB34CA-2C9A-46C4-BEAC-F729A0F571C3}"
EndProject
Project("{FAE04EC0-301F-11D3-BF4B-00C04F79EFBC}") = "test", "test\test.csproj", "{C6B227CA-CF20-40B4-AB47-3AD99C07FB08}"
EndProject
Global
	GlobalSection(SolutionConfigurationPlatforms) = preSolution
		Debug|Any CPU = Debug|Any CPU
		Debug|Mixed Platforms = Debug|Mixed Platforms
		Debug|x86 = Debug|x86
		Release|Any CPU = Release|Any CPU
		Release|Mixed Platforms = Release|Mixed Platforms
		Release|x86 = Release|x86
	EndGlobalSection
	GlobalSection(ProjectConfigurationPlatforms) = postSolution
		{E5405061-F2A3-4014-A851-17EEE5ADBB36}.Debug|Any CPU.ActiveCfg = Debug|Any CPU
		{E5405061-F2A3-4014-A851-17EEE5ADBB36}.Debug|Any CPU.Build.0 = Debug|Any CPU
		{E5405061-F2A3-4014-A851-17EEE5ADBB36}.Debug|Mixed Platforms.ActiveCfg = Debug|Any CPU
		{E5405061-F2A3-4014-A851-17EEE5ADBB36}.Debug|Mixed Platforms.Build.0 = Debug|Any CPU
		{E5405061-F2A3-4014-A851-17EEE5ADBB36}.Debug|x86.ActiveCfg = Debug|Any CPU
		{E5405061-F2A3-4014-A851-17EEE5ADBB36}.Release|Any CPU.ActiveCfg = Release|Any CPU
		{E5405061-F2A3-4014-A851-17EEE5ADBB36}.Release|Any CPU.Build.0 = Release|Any CPU
		{E5405061-F2A3-4014-A851-17EEE5ADBB36}.Release|Mixed Platforms.ActiveCfg = Release|Any CPU
		{E5405061-F2A3-4014-A851-17EEE5ADBB36}.Release|Mixed Platforms.Build.0 = Release|Any CPU
		{E5405061-F2A3-4014-A851-17EEE5ADBB36}.Release|x86.ActiveCfg = Release|Any CPU
		{83AB34CA-2C9A-46C4-BEAC-F729A0F571C3}.Debug|Any CPU.ActiveCfg = Debug|x86
		{83AB34CA-2C9A-46C4-BEAC-F729A0F571C3}.Debug|Mixed Platforms.ActiveCfg = Debug|x86
		{83AB34CA-2C9A-46C4-BEAC-F729A0F571C3}.Debug|Mixed Platforms.Build.0 = Debug|x86
		{83AB34CA-2C9A-46C4-BEAC-F729A0F571C3}.Debug|x86.ActiveCfg = Debug|x86
		{83AB34CA-2C9A-46C4-BEAC-F729A0F571C3}.Debug|x86.Build.0 = Debug|x86
		{83AB34CA-2C9A-46C4-BEAC-F729A0F571C3}.Release|Any CPU.ActiveCfg = Release|x86
		{83AB34CA-2C9A-46C4-BEAC-F729A0F571C3}.Release|Mixed Platforms.ActiveCfg = Release|x86
		{83AB34CA-2C9A-46C4-BEAC-F729A0F571C3}.Release|Mixed Platforms.Build.0 = Release|x86
		{83AB34CA-2C9A-46C4-BEAC-F729A0F571C3}.Release|x86.ActiveCfg = Release|x86
		{83AB34CA-2C9A-46C4-BEAC-F729A0F571C3}.Release|x86.Build.0 = Release|x86
		{C6B227CA-CF20-40B4-AB47-3AD99C07FB08}.Debug|Any CPU.ActiveCfg = Debug|x86
		{C6B227CA-CF20-40B4-AB47-3AD99C07FB08}.Debug|Mixed Platforms.ActiveCfg = Debug|x86
		{C6B227CA-CF20-40B4-AB47-3AD99C07FB08}.Debug|Mixed Platforms.Build.0 = Debug|x86
		{C6B227CA-CF20-40B4-AB47-3AD99C07FB08}.Debug|x86.ActiveCfg = Debug|x86
		{C6B227CA-CF20-40B4-AB47-3AD99C07FB08}.Debug|x86.Build.0 = Debug|x86
		{C6B227CA-CF20-40B4-AB47-3AD99C07FB08}.Release|Any CPU.ActiveCfg = Release|x86
		{C6B227CA-CF20-40B4-AB47-3AD99C07FB08}.Release|Mixed Platforms.ActiveCfg = Release|x86
		{C6B227CA-CF20-40B4-AB47-3AD99C07FB08}.Release|x86.ActiveCfg = Release|x86
		{C6B227CA-CF20-40B4-AB47-3AD99C07FB08}.Release|x86.Build.0 = Release|x86
	EndGlobalSection
	GlobalSection(SolutionProperties) = preSolution
		HideSolutionNode = FALSE
	EndGlobalSection
EndGlobal
